
Microsoft Visual Studio Solution File, Format Version 12.00
# Visual Studio Version 16
VisualStudioVersion = 16.0.30114.105
MinimumVisualStudioVersion = 10.0.40219.1
Project("{FAE04EC0-301F-11D3-BF4B-00C04F79EFBC}") = "API", "API\API.csproj", "{9B2B011B-FF48-46E8-B934-CAA5FF187349}"
EndProject
Project("{FAE04EC0-301F-11D3-BF4B-00C04F79EFBC}") = "Application", "Application\Application.csproj", "{D35D5EEE-53CC-4B8E-A8E1-2E1AF8684E63}"
EndProject
Project("{FAE04EC0-301F-11D3-BF4B-00C04F79EFBC}") = "Persistence", "Persistence\Persistence.csproj", "{8102FAF2-5443-4B37-B4F3-B93CF68525AE}"
EndProject
Global
	GlobalSection(SolutionConfigurationPlatforms) = preSolution
		Debug|Any CPU = Debug|Any CPU
		Release|Any CPU = Release|Any CPU
	EndGlobalSection
	GlobalSection(SolutionProperties) = preSolution
		HideSolutionNode = FALSE
	EndGlobalSection
	GlobalSection(ProjectConfigurationPlatforms) = postSolution
		{9B2B011B-FF48-46E8-B934-CAA5FF187349}.Debug|Any CPU.ActiveCfg = Debug|Any CPU
		{9B2B011B-FF48-46E8-B934-CAA5FF187349}.Debug|Any CPU.Build.0 = Debug|Any CPU
		{9B2B011B-FF48-46E8-B934-CAA5FF187349}.Release|Any CPU.ActiveCfg = Release|Any CPU
		{9B2B011B-FF48-46E8-B934-CAA5FF187349}.Release|Any CPU.Build.0 = Release|Any CPU
		{D35D5EEE-53CC-4B8E-A8E1-2E1AF8684E63}.Debug|Any CPU.ActiveCfg = Debug|Any CPU
		{D35D5EEE-53CC-4B8E-A8E1-2E1AF8684E63}.Debug|Any CPU.Build.0 = Debug|Any CPU
		{D35D5EEE-53CC-4B8E-A8E1-2E1AF8684E63}.Release|Any CPU.ActiveCfg = Release|Any CPU
		{D35D5EEE-53CC-4B8E-A8E1-2E1AF8684E63}.Release|Any CPU.Build.0 = Release|Any CPU
		{8102FAF2-5443-4B37-B4F3-B93CF68525AE}.Debug|Any CPU.ActiveCfg = Debug|Any CPU
		{8102FAF2-5443-4B37-B4F3-B93CF68525AE}.Debug|Any CPU.Build.0 = Debug|Any CPU
		{8102FAF2-5443-4B37-B4F3-B93CF68525AE}.Release|Any CPU.ActiveCfg = Release|Any CPU
		{8102FAF2-5443-4B37-B4F3-B93CF68525AE}.Release|Any CPU.Build.0 = Release|Any CPU
	EndGlobalSection
EndGlobal
